
Microsoft Visual Studio Solution File, Format Version 12.00
# Visual Studio Version 16
VisualStudioVersion = 16.0.28803.202
MinimumVisualStudioVersion = 10.0.40219.1
Project("{FAE04EC0-301F-11D3-BF4B-00C04F79EFBC}") = "DailyReport", "DailyReport\DailyReport.csproj", "{143BFAC5-B878-472C-BF22-881B40BEBD29}"
EndProject
Global
	GlobalSection(SolutionConfigurationPlatforms) = preSolution
		Debug|Any CPU = Debug|Any CPU
		Release|Any CPU = Release|Any CPU
	EndGlobalSection
	GlobalSection(ProjectConfigurationPlatforms) = postSolution
		{143BFAC5-B878-472C-BF22-881B40BEBD29}.Debug|Any CPU.ActiveCfg = Debug|Any CPU
		{143BFAC5-B878-472C-BF22-881B40BEBD29}.Debug|Any CPU.Build.0 = Debug|Any CPU
		{143BFAC5-B878-472C-BF22-881B40BEBD29}.Release|Any CPU.ActiveCfg = Release|Any CPU
		{143BFAC5-B878-472C-BF22-881B40BEBD29}.Release|Any CPU.Build.0 = Release|Any CPU
	EndGlobalSection
	GlobalSection(SolutionProperties) = preSolution
		HideSolutionNode = FALSE
	EndGlobalSection
	GlobalSection(ExtensibilityGlobals) = postSolution
		SolutionGuid = {B6062C1F-D079-4C3F-AC5F-E899CDAC4BA2}
	EndGlobalSection
EndGlobal
