
Microsoft Visual Studio Solution File, Format Version 12.00
# Visual Studio Version 16
VisualStudioVersion = 16.0.28803.202
MinimumVisualStudioVersion = 10.0.40219.1
Project("{FAE04EC0-301F-11D3-BF4B-00C04F79EFBC}") = "MathFun", "MathFun.csproj", "{06018BAA-E5B0-43C3-963B-3B3B9C2DA17F}"
EndProject
Global
	GlobalSection(SolutionConfigurationPlatforms) = preSolution
		Debug|Any CPU = Debug|Any CPU
		Release|Any CPU = Release|Any CPU
	EndGlobalSection
	GlobalSection(ProjectConfigurationPlatforms) = postSolution
		{06018BAA-E5B0-43C3-963B-3B3B9C2DA17F}.Debug|Any CPU.ActiveCfg = Debug|Any CPU
		{06018BAA-E5B0-43C3-963B-3B3B9C2DA17F}.Debug|Any CPU.Build.0 = Debug|Any CPU
		{06018BAA-E5B0-43C3-963B-3B3B9C2DA17F}.Release|Any CPU.ActiveCfg = Release|Any CPU
		{06018BAA-E5B0-43C3-963B-3B3B9C2DA17F}.Release|Any CPU.Build.0 = Release|Any CPU
	EndGlobalSection
	GlobalSection(SolutionProperties) = preSolution
		HideSolutionNode = FALSE
	EndGlobalSection
	GlobalSection(ExtensibilityGlobals) = postSolution
		SolutionGuid = {15355930-EC31-4A4A-9AC3-B122585B32CC}
	EndGlobalSection
EndGlobal
