
Microsoft Visual Studio Solution File, Format Version 12.00
# Visual Studio Version 16
VisualStudioVersion = 16.0.28803.202
MinimumVisualStudioVersion = 10.0.40219.1
Project("{9A19103F-16F7-4668-BE54-9A1E7A4F7556}") = "ConsoleApp1", "ConsoleApp1\ConsoleApp1.csproj", "{1A0739BD-54B9-49C5-8DD5-FBA099D323C0}"
EndProject
Project("{FAE04EC0-301F-11D3-BF4B-00C04F79EFBC}") = "MathFunction", "MathFunction\MathFunction.csproj", "{CDD66246-60E5-447B-BB4F-167E9ED12BE5}"
EndProject
Project("{FAE04EC0-301F-11D3-BF4B-00C04F79EFBC}") = "DailyReport", "DailyReport\DailyReport.csproj", "{79E9A1AF-7EC1-43EB-94E0-BA9B54765E1D}"
EndProject
Global
	GlobalSection(SolutionConfigurationPlatforms) = preSolution
		Debug|Any CPU = Debug|Any CPU
		Release|Any CPU = Release|Any CPU
	EndGlobalSection
	GlobalSection(ProjectConfigurationPlatforms) = postSolution
		{1A0739BD-54B9-49C5-8DD5-FBA099D323C0}.Debug|Any CPU.ActiveCfg = Debug|Any CPU
		{1A0739BD-54B9-49C5-8DD5-FBA099D323C0}.Debug|Any CPU.Build.0 = Debug|Any CPU
		{1A0739BD-54B9-49C5-8DD5-FBA099D323C0}.Release|Any CPU.ActiveCfg = Release|Any CPU
		{1A0739BD-54B9-49C5-8DD5-FBA099D323C0}.Release|Any CPU.Build.0 = Release|Any CPU
		{CDD66246-60E5-447B-BB4F-167E9ED12BE5}.Debug|Any CPU.ActiveCfg = Debug|Any CPU
		{CDD66246-60E5-447B-BB4F-167E9ED12BE5}.Debug|Any CPU.Build.0 = Debug|Any CPU
		{CDD66246-60E5-447B-BB4F-167E9ED12BE5}.Release|Any CPU.ActiveCfg = Release|Any CPU
		{CDD66246-60E5-447B-BB4F-167E9ED12BE5}.Release|Any CPU.Build.0 = Release|Any CPU
		{79E9A1AF-7EC1-43EB-94E0-BA9B54765E1D}.Debug|Any CPU.ActiveCfg = Debug|Any CPU
		{79E9A1AF-7EC1-43EB-94E0-BA9B54765E1D}.Debug|Any CPU.Build.0 = Debug|Any CPU
		{79E9A1AF-7EC1-43EB-94E0-BA9B54765E1D}.Release|Any CPU.ActiveCfg = Release|Any CPU
		{79E9A1AF-7EC1-43EB-94E0-BA9B54765E1D}.Release|Any CPU.Build.0 = Release|Any CPU
	EndGlobalSection
	GlobalSection(SolutionProperties) = preSolution
		HideSolutionNode = FALSE
	EndGlobalSection
	GlobalSection(ExtensibilityGlobals) = postSolution
		SolutionGuid = {E00B744B-ABF5-4FC2-8A6C-7D6165F1EC0D}
	EndGlobalSection
EndGlobal
