
Microsoft Visual Studio Solution File, Format Version 12.00
# Visual Studio Version 16
VisualStudioVersion = 16.0.28803.202
MinimumVisualStudioVersion = 10.0.40219.1
Project("{FAE04EC0-301F-11D3-BF4B-00C04F79EFBC}") = "ShippingPackage", "ShippingPackage.csproj", "{C0B2B76C-ADC6-4F2F-B160-2FB8DA437170}"
EndProject
Global
	GlobalSection(SolutionConfigurationPlatforms) = preSolution
		Debug|Any CPU = Debug|Any CPU
		Release|Any CPU = Release|Any CPU
	EndGlobalSection
	GlobalSection(ProjectConfigurationPlatforms) = postSolution
		{C0B2B76C-ADC6-4F2F-B160-2FB8DA437170}.Debug|Any CPU.ActiveCfg = Debug|Any CPU
		{C0B2B76C-ADC6-4F2F-B160-2FB8DA437170}.Debug|Any CPU.Build.0 = Debug|Any CPU
		{C0B2B76C-ADC6-4F2F-B160-2FB8DA437170}.Release|Any CPU.ActiveCfg = Release|Any CPU
		{C0B2B76C-ADC6-4F2F-B160-2FB8DA437170}.Release|Any CPU.Build.0 = Release|Any CPU
	EndGlobalSection
	GlobalSection(SolutionProperties) = preSolution
		HideSolutionNode = FALSE
	EndGlobalSection
	GlobalSection(ExtensibilityGlobals) = postSolution
		SolutionGuid = {F1FDF4EE-EA7B-420C-A711-178FDE4143AB}
	EndGlobalSection
EndGlobal
