
Microsoft Visual Studio Solution File, Format Version 12.00
# Visual Studio Version 16
VisualStudioVersion = 16.0.28803.202
MinimumVisualStudioVersion = 10.0.40219.1
Project("{FAE04EC0-301F-11D3-BF4B-00C04F79EFBC}") = "ArrayIndexAssignment", "ArrayIndexAssignment.csproj", "{4A653607-5480-4450-A14C-4FEA2A48302B}"
EndProject
Global
	GlobalSection(SolutionConfigurationPlatforms) = preSolution
		Debug|Any CPU = Debug|Any CPU
		Release|Any CPU = Release|Any CPU
	EndGlobalSection
	GlobalSection(ProjectConfigurationPlatforms) = postSolution
		{4A653607-5480-4450-A14C-4FEA2A48302B}.Debug|Any CPU.ActiveCfg = Debug|Any CPU
		{4A653607-5480-4450-A14C-4FEA2A48302B}.Debug|Any CPU.Build.0 = Debug|Any CPU
		{4A653607-5480-4450-A14C-4FEA2A48302B}.Release|Any CPU.ActiveCfg = Release|Any CPU
		{4A653607-5480-4450-A14C-4FEA2A48302B}.Release|Any CPU.Build.0 = Release|Any CPU
	EndGlobalSection
	GlobalSection(SolutionProperties) = preSolution
		HideSolutionNode = FALSE
	EndGlobalSection
	GlobalSection(ExtensibilityGlobals) = postSolution
		SolutionGuid = {113A2EC9-9303-4275-8D7D-4519C2704A34}
	EndGlobalSection
EndGlobal
