
Microsoft Visual Studio Solution File, Format Version 12.00
# Visual Studio Version 16
VisualStudioVersion = 16.0.28803.352
MinimumVisualStudioVersion = 10.0.40219.1
Project("{FAE04EC0-301F-11D3-BF4B-00C04F79EFBC}") = "TextIntoFile", "TextIntoFile.csproj", "{CAABB3C5-468C-45AC-9B67-7FB4465A5FA9}"
EndProject
Global
	GlobalSection(SolutionConfigurationPlatforms) = preSolution
		Debug|Any CPU = Debug|Any CPU
		Release|Any CPU = Release|Any CPU
	EndGlobalSection
	GlobalSection(ProjectConfigurationPlatforms) = postSolution
		{CAABB3C5-468C-45AC-9B67-7FB4465A5FA9}.Debug|Any CPU.ActiveCfg = Debug|Any CPU
		{CAABB3C5-468C-45AC-9B67-7FB4465A5FA9}.Debug|Any CPU.Build.0 = Debug|Any CPU
		{CAABB3C5-468C-45AC-9B67-7FB4465A5FA9}.Release|Any CPU.ActiveCfg = Release|Any CPU
		{CAABB3C5-468C-45AC-9B67-7FB4465A5FA9}.Release|Any CPU.Build.0 = Release|Any CPU
	EndGlobalSection
	GlobalSection(SolutionProperties) = preSolution
		HideSolutionNode = FALSE
	EndGlobalSection
	GlobalSection(ExtensibilityGlobals) = postSolution
		SolutionGuid = {9CE55E6C-4F93-43B4-A613-328AAEF85672}
	EndGlobalSection
EndGlobal
